
Microsoft Visual Studio Solution File, Format Version 12.00
Project("{FAE04EC0-301F-11D3-BF4B-00C04F79EFBC}") = "PdfTronTestService", "PdfTronTestService.csproj", "{160B4138-A4F6-4850-902F-BB54156B40DC}"
EndProject
Global
	GlobalSection(SolutionConfigurationPlatforms) = preSolution
		Debug|Any CPU = Debug|Any CPU
		Release|Any CPU = Release|Any CPU
	EndGlobalSection
	GlobalSection(ProjectConfigurationPlatforms) = postSolution
		{160B4138-A4F6-4850-902F-BB54156B40DC}.Debug|Any CPU.ActiveCfg = Debug|Any CPU
		{160B4138-A4F6-4850-902F-BB54156B40DC}.Debug|Any CPU.Build.0 = Debug|Any CPU
		{160B4138-A4F6-4850-902F-BB54156B40DC}.Release|Any CPU.ActiveCfg = Release|Any CPU
		{160B4138-A4F6-4850-902F-BB54156B40DC}.Release|Any CPU.Build.0 = Release|Any CPU
	EndGlobalSection
EndGlobal
